
Microsoft Visual Studio Solution File, Format Version 12.00
# Visual Studio Version 17
VisualStudioVersion = 17.14.36121.58 d17.14
MinimumVisualStudioVersion = 10.0.40219.1
Project("{FAE04EC0-301F-11D3-BF4B-00C04F79EFBC}") = "InventoryTrackerManager", "InventoryTrackerManager\InventoryTrackerManager.csproj", "{3082E81F-738E-45DF-9A0E-07AFC55794DD}"
EndProject
Global
	GlobalSection(SolutionConfigurationPlatforms) = preSolution
		Debug|Any CPU = Debug|Any CPU
		Release|Any CPU = Release|Any CPU
	EndGlobalSection
	GlobalSection(ProjectConfigurationPlatforms) = postSolution
		{3082E81F-738E-45DF-9A0E-07AFC55794DD}.Debug|Any CPU.ActiveCfg = Debug|Any CPU
		{3082E81F-738E-45DF-9A0E-07AFC55794DD}.Debug|Any CPU.Build.0 = Debug|Any CPU
		{3082E81F-738E-45DF-9A0E-07AFC55794DD}.Release|Any CPU.ActiveCfg = Release|Any CPU
		{3082E81F-738E-45DF-9A0E-07AFC55794DD}.Release|Any CPU.Build.0 = Release|Any CPU
	EndGlobalSection
	GlobalSection(SolutionProperties) = preSolution
		HideSolutionNode = FALSE
	EndGlobalSection
	GlobalSection(ExtensibilityGlobals) = postSolution
		SolutionGuid = {11DA1CC5-8345-414D-9A1B-A9DD5C6E1CEA}
	EndGlobalSection
EndGlobal
